
Microsoft Visual Studio Solution File, Format Version 12.00
Project("{FAE04EC0-301F-11D3-BF4B-00C04F79EFBC}") = "ExpandedFoods-MealsModule", "ExpandedFoods-MealsModule\ExpandedFoods-MealsModule.csproj", "{01CC035B-2B3B-49B6-AB7C-2C956CD23FE1}"
EndProject
Global
	GlobalSection(SolutionConfigurationPlatforms) = preSolution
		Debug|Any CPU = Debug|Any CPU
		Release|Any CPU = Release|Any CPU
	EndGlobalSection
	GlobalSection(ProjectConfigurationPlatforms) = postSolution
		{01CC035B-2B3B-49B6-AB7C-2C956CD23FE1}.Debug|Any CPU.ActiveCfg = Debug|Any CPU
		{01CC035B-2B3B-49B6-AB7C-2C956CD23FE1}.Debug|Any CPU.Build.0 = Debug|Any CPU
		{01CC035B-2B3B-49B6-AB7C-2C956CD23FE1}.Release|Any CPU.ActiveCfg = Release|Any CPU
		{01CC035B-2B3B-49B6-AB7C-2C956CD23FE1}.Release|Any CPU.Build.0 = Release|Any CPU
	EndGlobalSection
EndGlobal
